# Firmware version lock - written by tools/firmware_version.py stamp.
#
# The hash covers every source the image is compiled from: firmware/,
# core/, gamekit/, fonts/ and layouts/, less documentation, which is
# not built into it. A mismatch means those sources changed after this
# version was stamped, so the version was not bumped for them - see
# firmware/README.md, Versioning.
#
# Editing this file by hand does not change the firmware; it only
# tells the check what the image is expected to be built from.
version = 0.3.5
inputs = 757913c7dc0bb2adb938f5522b60186e52eb34e2e7c5d373bb547a3c9b51d1e2
